{
  "name": "physics-kinematics",
  "version": "1.0.0",
  "lockfileVersion": 3,
  "requires": true,
  "packages": {
    "": {
      "name": "physics-kinematics",
      "version": "1.0.0",
      "license": "ISC",
      "dependencies": {
        "physics-kinematics": "^1.0.0"
      }
    },
    "node_modules/physics-kinematics": {
      "version": "1.0.0",
      "resolved": "https://registry.npmjs.org/physics-kinematics/-/physics-kinematics-1.0.0.tgz",
      "integrity": "sha512-ha0FNkNpC4MulqXhcURtrSCCkdn5QMeApd4zGTQXUUw8fGklrb042NwShHb7HW42arquuXmcXC2YaY8gxnrMcw=="
    }
  }
}
